
Microsoft Visual Studio Solution File, Format Version 12.00
# Visual Studio Version 17
VisualStudioVersion = 17.10.35122.118
MinimumVisualStudioVersion = 10.0.40219.1
Project("{FAE04EC0-301F-11D3-BF4B-00C04F79EFBC}") = "EmployeeService", "EmployeeService\EmployeeService.csproj", "{0FCDFAE7-CABA-457D-9B0E-54480EDA1112}"
EndProject
Project("{FAE04EC0-301F-11D3-BF4B-00C04F79EFBC}") = "DepartmentService", "DepartmentService\DepartmentService.csproj", "{5A38C358-BBBD-4A54-86B4-2EE816C6BC86}"
EndProject
Project("{FAE04EC0-301F-11D3-BF4B-00C04F79EFBC}") = "EmployeeClient", "EmployeeClient\EmployeeClient.csproj", "{1A5DFEFB-843D-4B18-BAFC-C4DD47594851}"
EndProject
Global
	GlobalSection(SolutionConfigurationPlatforms) = preSolution
		Debug|Any CPU = Debug|Any CPU
		Release|Any CPU = Release|Any CPU
	EndGlobalSection
	GlobalSection(ProjectConfigurationPlatforms) = postSolution
		{0FCDFAE7-CABA-457D-9B0E-54480EDA1112}.Debug|Any CPU.ActiveCfg = Debug|Any CPU
		{0FCDFAE7-CABA-457D-9B0E-54480EDA1112}.Debug|Any CPU.Build.0 = Debug|Any CPU
		{0FCDFAE7-CABA-457D-9B0E-54480EDA1112}.Release|Any CPU.ActiveCfg = Release|Any CPU
		{0FCDFAE7-CABA-457D-9B0E-54480EDA1112}.Release|Any CPU.Build.0 = Release|Any CPU
		{5A38C358-BBBD-4A54-86B4-2EE816C6BC86}.Debug|Any CPU.ActiveCfg = Debug|Any CPU
		{5A38C358-BBBD-4A54-86B4-2EE816C6BC86}.Debug|Any CPU.Build.0 = Debug|Any CPU
		{5A38C358-BBBD-4A54-86B4-2EE816C6BC86}.Release|Any CPU.ActiveCfg = Release|Any CPU
		{5A38C358-BBBD-4A54-86B4-2EE816C6BC86}.Release|Any CPU.Build.0 = Release|Any CPU
		{1A5DFEFB-843D-4B18-BAFC-C4DD47594851}.Debug|Any CPU.ActiveCfg = Debug|Any CPU
		{1A5DFEFB-843D-4B18-BAFC-C4DD47594851}.Debug|Any CPU.Build.0 = Debug|Any CPU
		{1A5DFEFB-843D-4B18-BAFC-C4DD47594851}.Release|Any CPU.ActiveCfg = Release|Any CPU
		{1A5DFEFB-843D-4B18-BAFC-C4DD47594851}.Release|Any CPU.Build.0 = Release|Any CPU
	EndGlobalSection
	GlobalSection(SolutionProperties) = preSolution
		HideSolutionNode = FALSE
	EndGlobalSection
	GlobalSection(ExtensibilityGlobals) = postSolution
		SolutionGuid = {712B27AA-F4C2-4E2D-AE4D-42ED220595F7}
	EndGlobalSection
EndGlobal
